
Microsoft Visual Studio Solution File, Format Version 12.00
# Visual Studio Version 17
VisualStudioVersion = 17.7.34018.315
MinimumVisualStudioVersion = 10.0.40219.1
Project("{FAE04EC0-301F-11D3-BF4B-00C04F79EFBC}") = "Quan_Ly_Khach_San_2024", "Quan_Ly_Khach_San_2024.csproj", "{62CA9DF0-572F-4FC6-B5A4-899D98547010}"
EndProject
Global
	GlobalSection(SolutionConfigurationPlatforms) = preSolution
		Debug|Any CPU = Debug|Any CPU
		Release|Any CPU = Release|Any CPU
	EndGlobalSection
	GlobalSection(ProjectConfigurationPlatforms) = postSolution
		{62CA9DF0-572F-4FC6-B5A4-899D98547010}.Debug|Any CPU.ActiveCfg = Debug|Any CPU
		{62CA9DF0-572F-4FC6-B5A4-899D98547010}.Debug|Any CPU.Build.0 = Debug|Any CPU
		{62CA9DF0-572F-4FC6-B5A4-899D98547010}.Release|Any CPU.ActiveCfg = Release|Any CPU
		{62CA9DF0-572F-4FC6-B5A4-899D98547010}.Release|Any CPU.Build.0 = Release|Any CPU
	EndGlobalSection
	GlobalSection(SolutionProperties) = preSolution
		HideSolutionNode = FALSE
	EndGlobalSection
	GlobalSection(ExtensibilityGlobals) = postSolution
		SolutionGuid = {38BFBEDC-D6B9-4AF0-A160-B9BA2C4C051B}
	EndGlobalSection
EndGlobal
